PODS:
  - Flutter (1.0.0)
  - flutter_security_checker (0.0.1):
    - Flutter
  - integration_test (0.0.1):
    - Flutter
  - package_info_plus (0.4.5):
    - Flutter
  - secure_application (0.0.1):
    - Flutter
  - security_plugin_hsl_platform (0.0.1):
    - Flutter
  - shared_preferences_foundation (0.0.1):
    - Flutter
    - FlutterMacOS
  - url_launcher_ios (0.0.1):
    - Flutter

DEPENDENCIES:
  - Flutter (from `Flutter`)
  - flutter_security_checker (from `.symlinks/plugins/flutter_security_checker/ios`)
  - integration_test (from `.symlinks/plugins/integration_test/ios`)
  - package_info_plus (from `.symlinks/plugins/package_info_plus/ios`)
  - secure_application (from `.symlinks/plugins/secure_application/ios`)
  - security_plugin_hsl_platform (from `.symlinks/plugins/security_plugin_hsl_platform/ios`)
  - shared_preferences_foundation (from `.symlinks/plugins/shared_preferences_foundation/darwin`)
  - url_launcher_ios (from `.symlinks/plugins/url_launcher_ios/ios`)

EXTERNAL SOURCES:
  Flutter:
    :path: Flutter
  flutter_security_checker:
    :path: ".symlinks/plugins/flutter_security_checker/ios"
  integration_test:
    :path: ".symlinks/plugins/integration_test/ios"
  package_info_plus:
    :path: ".symlinks/plugins/package_info_plus/ios"
  secure_application:
    :path: ".symlinks/plugins/secure_application/ios"
  security_plugin_hsl_platform:
    :path: ".symlinks/plugins/security_plugin_hsl_platform/ios"
  shared_preferences_foundation:
    :path: ".symlinks/plugins/shared_preferences_foundation/darwin"
  url_launcher_ios:
    :path: ".symlinks/plugins/url_launcher_ios/ios"

SPEC CHECKSUMS:
  Flutter: e0871f40cf51350855a761d2e70bf5af5b9b5de7
  flutter_security_checker: bc02425be713567eb6f9e89018f8ab62331a7b76
  integration_test: 13825b8a9334a850581300559b8839134b124670
  package_info_plus: 58f0028419748fad15bf008b270aaa8e54380b1c
  secure_application: 27d424e8c2e770f63e38e280b5a51f921aa9b0c8
  security_plugin_hsl_platform: 15e4dd7c1363dc9e9dbefc19f7178e310c4b7c55
  shared_preferences_foundation: fcdcbc04712aee1108ac7fda236f363274528f78
  url_launcher_ios: 5334b05cef931de560670eeae103fd3e431ac3fe

PODFILE CHECKSUM: 819463e6a0290f5a72f145ba7cde16e8b6ef0796

COCOAPODS: 1.15.2
